
Microsoft Visual Studio Solution File, Format Version 12.00
# Visual Studio Version 17
VisualStudioVersion = 17.9.34714.143
MinimumVisualStudioVersion = 10.0.40219.1
Project("{8BC9CEB8-8B4A-11D0-8D11-00A0C91BC942}") = "cppProj01", "cppProj01.vcxproj", "{7907FC6C-CEF3-4C53-8AA1-4BD0DC6A9BCF}"
EndProject
Global
	GlobalSection(SolutionConfigurationPlatforms) = preSolution
		Debug|x64 = Debug|x64
		Debug|x86 = Debug|x86
		Release|x64 = Release|x64
		Release|x86 = Release|x86
	EndGlobalSection
	GlobalSection(ProjectConfigurationPlatforms) = postSolution
		{7907FC6C-CEF3-4C53-8AA1-4BD0DC6A9BCF}.Debug|x64.ActiveCfg = Debug|x64
		{7907FC6C-CEF3-4C53-8AA1-4BD0DC6A9BCF}.Debug|x64.Build.0 = Debug|x64
		{7907FC6C-CEF3-4C53-8AA1-4BD0DC6A9BCF}.Debug|x86.ActiveCfg = Debug|Win32
		{7907FC6C-CEF3-4C53-8AA1-4BD0DC6A9BCF}.Debug|x86.Build.0 = Debug|Win32
		{7907FC6C-CEF3-4C53-8AA1-4BD0DC6A9BCF}.Release|x64.ActiveCfg = Release|x64
		{7907FC6C-CEF3-4C53-8AA1-4BD0DC6A9BCF}.Release|x64.Build.0 = Release|x64
		{7907FC6C-CEF3-4C53-8AA1-4BD0DC6A9BCF}.Release|x86.ActiveCfg = Release|Win32
		{7907FC6C-CEF3-4C53-8AA1-4BD0DC6A9BCF}.Release|x86.Build.0 = Release|Win32
	EndGlobalSection
	GlobalSection(SolutionProperties) = preSolution
		HideSolutionNode = FALSE
	EndGlobalSection
	GlobalSection(ExtensibilityGlobals) = postSolution
		SolutionGuid = {497A607D-9356-465C-92B4-413329E81DED}
	EndGlobalSection
EndGlobal
