
Microsoft Visual Studio Solution File, Format Version 12.00
# Visual Studio Version 17
VisualStudioVersion = 17.9.34714.143
MinimumVisualStudioVersion = 10.0.40219.1
Project("{8BC9CEB8-8B4A-11D0-8D11-00A0C91BC942}") = "day21", "day21.vcxproj", "{D97CAA9E-F3D6-4737-A955-6353AF5385C9}"
EndProject
Global
	GlobalSection(SolutionConfigurationPlatforms) = preSolution
		Debug|x64 = Debug|x64
		Debug|x86 = Debug|x86
		Release|x64 = Release|x64
		Release|x86 = Release|x86
	EndGlobalSection
	GlobalSection(ProjectConfigurationPlatforms) = postSolution
		{D97CAA9E-F3D6-4737-A955-6353AF5385C9}.Debug|x64.ActiveCfg = Debug|x64
		{D97CAA9E-F3D6-4737-A955-6353AF5385C9}.Debug|x64.Build.0 = Debug|x64
		{D97CAA9E-F3D6-4737-A955-6353AF5385C9}.Debug|x86.ActiveCfg = Debug|Win32
		{D97CAA9E-F3D6-4737-A955-6353AF5385C9}.Debug|x86.Build.0 = Debug|Win32
		{D97CAA9E-F3D6-4737-A955-6353AF5385C9}.Release|x64.ActiveCfg = Release|x64
		{D97CAA9E-F3D6-4737-A955-6353AF5385C9}.Release|x64.Build.0 = Release|x64
		{D97CAA9E-F3D6-4737-A955-6353AF5385C9}.Release|x86.ActiveCfg = Release|Win32
		{D97CAA9E-F3D6-4737-A955-6353AF5385C9}.Release|x86.Build.0 = Release|Win32
	EndGlobalSection
	GlobalSection(SolutionProperties) = preSolution
		HideSolutionNode = FALSE
	EndGlobalSection
	GlobalSection(ExtensibilityGlobals) = postSolution
		SolutionGuid = {9BCB21E9-3BE8-4D67-A085-6ABE946B860E}
	EndGlobalSection
EndGlobal
